
Microsoft Visual Studio Solution File, Format Version 12.00
# Visual Studio Version 17
VisualStudioVersion = 17.0.31919.166
MinimumVisualStudioVersion = 10.0.40219.1
Project("{9A19103F-16F7-4668-BE54-9A1E7A4F7556}") = "DayOnePartOne", "DayOnePartOne\DayOnePartOne.csproj", "{B7922833-AF08-40DD-A3FB-1CFD2407ECAB}"
EndProject
Project("{9A19103F-16F7-4668-BE54-9A1E7A4F7556}") = "DayOnePartTwo", "DayOnePartTwo\DayOnePartTwo.csproj", "{70161E8F-E8BA-47A2-9FA4-BF57385C0871}"
EndProject
Project("{9A19103F-16F7-4668-BE54-9A1E7A4F7556}") = "DayTwoPartOne", "DayTwoPartOne\DayTwoPartOne.csproj", "{F3D6F114-D9CE-41BE-BE89-A3C9DDC52849}"
EndProject
Project("{9A19103F-16F7-4668-BE54-9A1E7A4F7556}") = "DayTwoPartTwo", "DayTwoPartTwo\DayTwoPartTwo.csproj", "{E0DDC1F2-3CBB-454F-B842-EEA38070FF63}"
EndProject
Project("{9A19103F-16F7-4668-BE54-9A1E7A4F7556}") = "DayThreePartOne", "DayThreePartOne\DayThreePartOne.csproj", "{6CF41970-61D9-4362-8C2D-2DDD73D12F68}"
EndProject
Project("{9A19103F-16F7-4668-BE54-9A1E7A4F7556}") = "DayThreePartTwo", "DayThreePartTwo\DayThreePartTwo.csproj", "{1F39A9D4-23E2-47C9-BD7A-E459FDB916B0}"
EndProject
Project("{FAE04EC0-301F-11D3-BF4B-00C04F79EFBC}") = "DayFourPartOne", "DayFourPartOne\DayFourPartOne.csproj", "{72AEDE3E-D257-470B-BBB9-DC1A808963A4}"
EndProject
Project("{FAE04EC0-301F-11D3-BF4B-00C04F79EFBC}") = "DayFourPartTwo", "DayFourPartTwo\DayFourPartTwo.csproj", "{16205F82-B69C-4332-821A-0B5B2D4A5E57}"
EndProject
Project("{FAE04EC0-301F-11D3-BF4B-00C04F79EFBC}") = "DayFivePartOne", "DayFivePartOne\DayFivePartOne.csproj", "{1CF95BB0-A923-470E-831A-88C81E0CFB87}"
EndProject
Project("{FAE04EC0-301F-11D3-BF4B-00C04F79EFBC}") = "DayFivePartTwo", "DayFivePartTwo\DayFivePartTwo.csproj", "{BFBD7994-3E24-4B5D-B27E-632D6C9AEA7C}"
EndProject
Project("{FAE04EC0-301F-11D3-BF4B-00C04F79EFBC}") = "DaySixPartOne", "DaySixPartOne\DaySixPartOne.csproj", "{A26FD222-EAB6-4A43-99CF-4BBDBC39F1BB}"
EndProject
Project("{FAE04EC0-301F-11D3-BF4B-00C04F79EFBC}") = "DaySixPartTwo", "DaySixPartTwo\DaySixPartTwo.csproj", "{928FC1D3-9FB5-4353-94ED-44453CFD411E}"
EndProject
Project("{FAE04EC0-301F-11D3-BF4B-00C04F79EFBC}") = "DaySevenPartOne", "DaySevenPartOne\DaySevenPartOne.csproj", "{A96645DB-1E41-40E5-9064-8EC2056B9991}"
EndProject
Project("{FAE04EC0-301F-11D3-BF4B-00C04F79EFBC}") = "DaySevenPartTwo", "DaySevenPartTwo\DaySevenPartTwo.csproj", "{99C1F07B-25D9-41A4-8CC5-DE6D23B50586}"
EndProject
Project("{FAE04EC0-301F-11D3-BF4B-00C04F79EFBC}") = "DayEightPartOne", "DayEightPartOne\DayEightPartOne.csproj", "{0D1E1E8E-A15D-44C5-B2DB-B371594AB9DC}"
EndProject
Project("{FAE04EC0-301F-11D3-BF4B-00C04F79EFBC}") = "DayEightPartTwo", "DayEightPartTwo\DayEightPartTwo.csproj", "{79D7F8A7-753E-43E8-8572-CFC8F86CE4CC}"
EndProject
Global
	GlobalSection(SolutionConfigurationPlatforms) = preSolution
		Debug|Any CPU = Debug|Any CPU
		Release|Any CPU = Release|Any CPU
	EndGlobalSection
	GlobalSection(ProjectConfigurationPlatforms) = postSolution
		{B7922833-AF08-40DD-A3FB-1CFD2407ECAB}.Debug|Any CPU.ActiveCfg = Debug|Any CPU
		{B7922833-AF08-40DD-A3FB-1CFD2407ECAB}.Debug|Any CPU.Build.0 = Debug|Any CPU
		{B7922833-AF08-40DD-A3FB-1CFD2407ECAB}.Release|Any CPU.ActiveCfg = Release|Any CPU
		{B7922833-AF08-40DD-A3FB-1CFD2407ECAB}.Release|Any CPU.Build.0 = Release|Any CPU
		{70161E8F-E8BA-47A2-9FA4-BF57385C0871}.Debug|Any CPU.ActiveCfg = Debug|Any CPU
		{70161E8F-E8BA-47A2-9FA4-BF57385C0871}.Debug|Any CPU.Build.0 = Debug|Any CPU
		{70161E8F-E8BA-47A2-9FA4-BF57385C0871}.Release|Any CPU.ActiveCfg = Release|Any CPU
		{70161E8F-E8BA-47A2-9FA4-BF57385C0871}.Release|Any CPU.Build.0 = Release|Any CPU
		{F3D6F114-D9CE-41BE-BE89-A3C9DDC52849}.Debug|Any CPU.ActiveCfg = Debug|Any CPU
		{F3D6F114-D9CE-41BE-BE89-A3C9DDC52849}.Debug|Any CPU.Build.0 = Debug|Any CPU
		{F3D6F114-D9CE-41BE-BE89-A3C9DDC52849}.Release|Any CPU.ActiveCfg = Release|Any CPU
		{F3D6F114-D9CE-41BE-BE89-A3C9DDC52849}.Release|Any CPU.Build.0 = Release|Any CPU
		{E0DDC1F2-3CBB-454F-B842-EEA38070FF63}.Debug|Any CPU.ActiveCfg = Debug|Any CPU
		{E0DDC1F2-3CBB-454F-B842-EEA38070FF63}.Debug|Any CPU.Build.0 = Debug|Any CPU
		{E0DDC1F2-3CBB-454F-B842-EEA38070FF63}.Release|Any CPU.ActiveCfg = Release|Any CPU
		{E0DDC1F2-3CBB-454F-B842-EEA38070FF63}.Release|Any CPU.Build.0 = Release|Any CPU
		{6CF41970-61D9-4362-8C2D-2DDD73D12F68}.Debug|Any CPU.ActiveCfg = Debug|Any CPU
		{6CF41970-61D9-4362-8C2D-2DDD73D12F68}.Debug|Any CPU.Build.0 = Debug|Any CPU
		{6CF41970-61D9-4362-8C2D-2DDD73D12F68}.Release|Any CPU.ActiveCfg = Release|Any CPU
		{6CF41970-61D9-4362-8C2D-2DDD73D12F68}.Release|Any CPU.Build.0 = Release|Any CPU
		{1F39A9D4-23E2-47C9-BD7A-E459FDB916B0}.Debug|Any CPU.ActiveCfg = Debug|Any CPU
		{1F39A9D4-23E2-47C9-BD7A-E459FDB916B0}.Debug|Any CPU.Build.0 = Debug|Any CPU
		{1F39A9D4-23E2-47C9-BD7A-E459FDB916B0}.Release|Any CPU.ActiveCfg = Release|Any CPU
		{1F39A9D4-23E2-47C9-BD7A-E459FDB916B0}.Release|Any CPU.Build.0 = Release|Any CPU
		{72AEDE3E-D257-470B-BBB9-DC1A808963A4}.Debug|Any CPU.ActiveCfg = Debug|Any CPU
		{72AEDE3E-D257-470B-BBB9-DC1A808963A4}.Debug|Any CPU.Build.0 = Debug|Any CPU
		{72AEDE3E-D257-470B-BBB9-DC1A808963A4}.Release|Any CPU.ActiveCfg = Release|Any CPU
		{72AEDE3E-D257-470B-BBB9-DC1A808963A4}.Release|Any CPU.Build.0 = Release|Any CPU
		{16205F82-B69C-4332-821A-0B5B2D4A5E57}.Debug|Any CPU.ActiveCfg = Debug|Any CPU
		{16205F82-B69C-4332-821A-0B5B2D4A5E57}.Debug|Any CPU.Build.0 = Debug|Any CPU
		{16205F82-B69C-4332-821A-0B5B2D4A5E57}.Release|Any CPU.ActiveCfg = Release|Any CPU
		{16205F82-B69C-4332-821A-0B5B2D4A5E57}.Release|Any CPU.Build.0 = Release|Any CPU
		{1CF95BB0-A923-470E-831A-88C81E0CFB87}.Debug|Any CPU.ActiveCfg = Debug|Any CPU
		{1CF95BB0-A923-470E-831A-88C81E0CFB87}.Debug|Any CPU.Build.0 = Debug|Any CPU
		{1CF95BB0-A923-470E-831A-88C81E0CFB87}.Release|Any CPU.ActiveCfg = Release|Any CPU
		{1CF95BB0-A923-470E-831A-88C81E0CFB87}.Release|Any CPU.Build.0 = Release|Any CPU
		{BFBD7994-3E24-4B5D-B27E-632D6C9AEA7C}.Debug|Any CPU.ActiveCfg = Debug|Any CPU
		{BFBD7994-3E24-4B5D-B27E-632D6C9AEA7C}.Debug|Any CPU.Build.0 = Debug|Any CPU
		{BFBD7994-3E24-4B5D-B27E-632D6C9AEA7C}.Release|Any CPU.ActiveCfg = Release|Any CPU
		{BFBD7994-3E24-4B5D-B27E-632D6C9AEA7C}.Release|Any CPU.Build.0 = Release|Any CPU
		{A26FD222-EAB6-4A43-99CF-4BBDBC39F1BB}.Debug|Any CPU.ActiveCfg = Debug|Any CPU
		{A26FD222-EAB6-4A43-99CF-4BBDBC39F1BB}.Debug|Any CPU.Build.0 = Debug|Any CPU
		{A26FD222-EAB6-4A43-99CF-4BBDBC39F1BB}.Release|Any CPU.ActiveCfg = Release|Any CPU
		{A26FD222-EAB6-4A43-99CF-4BBDBC39F1BB}.Release|Any CPU.Build.0 = Release|Any CPU
		{928FC1D3-9FB5-4353-94ED-44453CFD411E}.Debug|Any CPU.ActiveCfg = Debug|Any CPU
		{928FC1D3-9FB5-4353-94ED-44453CFD411E}.Debug|Any CPU.Build.0 = Debug|Any CPU
		{928FC1D3-9FB5-4353-94ED-44453CFD411E}.Release|Any CPU.ActiveCfg = Release|Any CPU
		{928FC1D3-9FB5-4353-94ED-44453CFD411E}.Release|Any CPU.Build.0 = Release|Any CPU
		{A96645DB-1E41-40E5-9064-8EC2056B9991}.Debug|Any CPU.ActiveCfg = Debug|Any CPU
		{A96645DB-1E41-40E5-9064-8EC2056B9991}.Debug|Any CPU.Build.0 = Debug|Any CPU
		{A96645DB-1E41-40E5-9064-8EC2056B9991}.Release|Any CPU.ActiveCfg = Release|Any CPU
		{A96645DB-1E41-40E5-9064-8EC2056B9991}.Release|Any CPU.Build.0 = Release|Any CPU
		{99C1F07B-25D9-41A4-8CC5-DE6D23B50586}.Debug|Any CPU.ActiveCfg = Debug|Any CPU
		{99C1F07B-25D9-41A4-8CC5-DE6D23B50586}.Debug|Any CPU.Build.0 = Debug|Any CPU
		{99C1F07B-25D9-41A4-8CC5-DE6D23B50586}.Release|Any CPU.ActiveCfg = Release|Any CPU
		{99C1F07B-25D9-41A4-8CC5-DE6D23B50586}.Release|Any CPU.Build.0 = Release|Any CPU
		{0D1E1E8E-A15D-44C5-B2DB-B371594AB9DC}.Debug|Any CPU.ActiveCfg = Debug|Any CPU
		{0D1E1E8E-A15D-44C5-B2DB-B371594AB9DC}.Debug|Any CPU.Build.0 = Debug|Any CPU
		{0D1E1E8E-A15D-44C5-B2DB-B371594AB9DC}.Release|Any CPU.ActiveCfg = Release|Any CPU
		{0D1E1E8E-A15D-44C5-B2DB-B371594AB9DC}.Release|Any CPU.Build.0 = Release|Any CPU
		{79D7F8A7-753E-43E8-8572-CFC8F86CE4CC}.Debug|Any CPU.ActiveCfg = Debug|Any CPU
		{79D7F8A7-753E-43E8-8572-CFC8F86CE4CC}.Debug|Any CPU.Build.0 = Debug|Any CPU
		{79D7F8A7-753E-43E8-8572-CFC8F86CE4CC}.Release|Any CPU.ActiveCfg = Release|Any CPU
		{79D7F8A7-753E-43E8-8572-CFC8F86CE4CC}.Release|Any CPU.Build.0 = Release|Any CPU
	EndGlobalSection
	GlobalSection(SolutionProperties) = preSolution
		HideSolutionNode = FALSE
	EndGlobalSection
	GlobalSection(ExtensibilityGlobals) = postSolution
		SolutionGuid = {949A7A15-399A-44A2-8552-7580F2C0F1F5}
	EndGlobalSection
EndGlobal
